<?xml version="1.0" encoding="utf-8"?>
<Project ToolsVersion="4.0" xmlns="http://schemas.microsoft.com/developer/msbuild/2003">
  <ItemGroup>
    <Filter Include="KamataEngine">
      <UniqueIdentifier>{4FC737F1-C7A5-4376-A066-2A32D752A2FF}</UniqueIdentifier>
      <Extensions>cpp;c;cc;cxx;c++;cppm;ixx;def;odl;idl;hpj;bat;asm;asmx</Extensions>
    </Filter>
    <Filter Include="KamataEngine\Source">
      <UniqueIdentifier>{d966e9f8-e880-44ae-8586-a08515e4cffc}</UniqueIdentifier>
    </Filter>
    <Filter Include="KamataEngine\Include">
      <UniqueIdentifier>{4aae4e40-94f7-4d32-9a91-c0c37a2edf0d}</UniqueIdentifier>
    </Filter>
    <Filter Include="KamataEngine\Adapter">
      <UniqueIdentifier>{c6468eb4-788b-4a83-b207-a5f4804e56c5}</UniqueIdentifier>
    </Filter>
    <Filter Include="MySource">
      <UniqueIdentifier>{841399f0-8268-40a2-a16e-942dc0e652d1}</UniqueIdentifier>
    </Filter>
    <Filter Include="MySource\Scene">
      <UniqueIdentifier>{3d5c7998-a982-4802-b786-f4c4310a292a}</UniqueIdentifier>
    </Filter>
    <Filter Include="MySource\GameManager">
      <UniqueIdentifier>{42d4ac4e-e409-45a7-b77e-880e166593e4}</UniqueIdentifier>
    </Filter>
    <Filter Include="MySource\Object">
      <UniqueIdentifier>{59bba072-728f-4ff0-91b4-055686860d99}</UniqueIdentifier>
    </Filter>
    <Filter Include="MySource\InputManager">
      <UniqueIdentifier>{7f9c41b0-6a03-4a02-a1c3-37ded03e39e8}</UniqueIdentifier>
    </Filter>
    <Filter Include="MySource\Object\Bullet">
      <UniqueIdentifier>{d45e1027-0764-4a6f-a080-8122eddeca99}</UniqueIdentifier>
    </Filter>
    <Filter Include="MySource\Object\Enemy">
      <UniqueIdentifier>{20d09980-fdd6-47c7-8ac5-e4e0b009c686}</UniqueIdentifier>
    </Filter>
    <Filter Include="MySource\Object\Player">
      <UniqueIdentifier>{326bf7d3-ea50-4417-813f-4591ff595c4c}</UniqueIdentifier>
    </Filter>
  </ItemGroup>
  <ItemGroup>
    <ClCompile Include="C:\KamataEngine\DirectXGame\base\DirectXCommon.cpp">
      <Filter>KamataEngine\Source</Filter>
    </ClCompile>
    <ClCompile Include="C:\KamataEngine\DirectXGame\base\TextureManager.cpp">
      <Filter>KamataEngine\Source</Filter>
    </ClCompile>
    <ClCompile Include="C:\KamataEngine\DirectXGame\scene\GameScene.cpp">
      <Filter>KamataEngine\Source</Filter>
    </ClCompile>
    <ClCompile Include="C:\KamataEngine\DirectXGame\base\WinApp.cpp">
      <Filter>KamataEngine\Source</Filter>
    </ClCompile>
    <ClCompile Include="C:\KamataEngine\Adapter\Novice.cpp">
      <Filter>KamataEngine\Adapter</Filter>
    </ClCompile>
    <ClCompile Include="C:\KamataEngine\DirectXGame\2d\ImGuiManager.cpp">
      <Filter>KamataEngine</Filter>
    </ClCompile>
    <ClCompile Include="C:\KamataEngine\DirectXGame\base\StringUtility.cpp">
      <Filter>KamataEngine\Source</Filter>
    </ClCompile>
    <ClCompile Include="main.cpp">
      <Filter>MySource</Filter>
    </ClCompile>
    <ClCompile Include="MySource\Scene\ClearScene.cpp">
      <Filter>MySource\Scene</Filter>
    </ClCompile>
    <ClCompile Include="MySource\Scene\GamePlayScene.cpp">
      <Filter>MySource\Scene</Filter>
    </ClCompile>
    <ClCompile Include="MySource\Scene\TitleScene.cpp">
      <Filter>MySource\Scene</Filter>
    </ClCompile>
    <ClCompile Include="MySource\Scene\IScene.cpp">
      <Filter>MySource\Scene</Filter>
    </ClCompile>
    <ClCompile Include="MySource\GameManager.cpp">
      <Filter>MySource\GameManager</Filter>
    </ClCompile>
    <ClCompile Include="MySource\InputManager.cpp">
      <Filter>MySource\InputManager</Filter>
    </ClCompile>
    <ClCompile Include="MySource\Object\Bullet.cpp">
      <Filter>MySource\Object\Bullet</Filter>
    </ClCompile>
    <ClCompile Include="MySource\Object\BulletManager.cpp">
      <Filter>MySource\Object\Bullet</Filter>
    </ClCompile>
    <ClCompile Include="MySource\Object\EnemyManager.cpp">
      <Filter>MySource\Object\Enemy</Filter>
    </ClCompile>
    <ClCompile Include="MySource\Object\Enemy.cpp">
      <Filter>MySource\Object\Enemy</Filter>
    </ClCompile>
    <ClCompile Include="MySource\Object\Player.cpp">
      <Filter>MySource\Object\Player</Filter>
    </ClCompile>
  </ItemGroup>
  <ItemGroup>
    <ClInclude Include="C:\KamataEngine\DirectXGame\audio\Audio.h">
      <Filter>KamataEngine\Include</Filter>
    </ClInclude>
    <ClInclude Include="C:\KamataEngine\DirectXGame\2d\DebugText.h">
      <Filter>KamataEngine\Include</Filter>
    </ClInclude>
    <ClInclude Include="C:\KamataEngine\DirectXGame\base\DirectXCommon.h">
      <Filter>KamataEngine\Include</Filter>
    </ClInclude>
    <ClInclude Include="C:\KamataEngine\DirectXGame\scene\GameScene.h">
      <Filter>KamataEngine\Include</Filter>
    </ClInclude>
    <ClInclude Include="C:\KamataEngine\DirectXGame\input\Input.h">
      <Filter>KamataEngine\Include</Filter>
    </ClInclude>
    <ClInclude Include="C:\KamataEngine\DirectXGame\3d\Model.h">
      <Filter>KamataEngine\Include</Filter>
    </ClInclude>
    <ClInclude Include="C:\KamataEngine\DirectXGame\base\SafeDelete.h">
      <Filter>KamataEngine\Include</Filter>
    </ClInclude>
    <ClInclude Include="C:\KamataEngine\DirectXGame\2d\Sprite.h">
      <Filter>KamataEngine\Include</Filter>
    </ClInclude>
    <ClInclude Include="C:\KamataEngine\DirectXGame\base\TextureManager.h">
      <Filter>KamataEngine\Include</Filter>
    </ClInclude>
    <ClInclude Include="C:\KamataEngine\DirectXGame\3d\ViewProjection.h">
      <Filter>KamataEngine\Include</Filter>
    </ClInclude>
    <ClInclude Include="C:\KamataEngine\DirectXGame\base\WinApp.h">
      <Filter>KamataEngine\Include</Filter>
    </ClInclude>
    <ClInclude Include="C:\KamataEngine\DirectXGame\3d\WorldTransform.h">
      <Filter>KamataEngine\Include</Filter>
    </ClInclude>
    <ClInclude Include="C:\KamataEngine\Adapter\Novice.h">
      <Filter>KamataEngine\Adapter</Filter>
    </ClInclude>
    <ClInclude Include="C:\KamataEngine\DirectXGame\3d\CircleShadow.h">
      <Filter>KamataEngine\Include</Filter>
    </ClInclude>
    <ClInclude Include="C:\KamataEngine\DirectXGame\3d\DebugCamera.h">
      <Filter>KamataEngine\Include</Filter>
    </ClInclude>
    <ClInclude Include="C:\KamataEngine\DirectXGame\3d\DirectionalLight.h">
      <Filter>KamataEngine\Include</Filter>
    </ClInclude>
    <ClInclude Include="C:\KamataEngine\DirectXGame\3d\LightGroup.h">
      <Filter>KamataEngine\Include</Filter>
    </ClInclude>
    <ClInclude Include="C:\KamataEngine\DirectXGame\3d\Material.h">
      <Filter>KamataEngine\Include</Filter>
    </ClInclude>
    <ClInclude Include="C:\KamataEngine\DirectXGame\3d\Mesh.h">
      <Filter>KamataEngine\Include</Filter>
    </ClInclude>
    <ClInclude Include="C:\KamataEngine\DirectXGame\3d\PointLight.h">
      <Filter>KamataEngine\Include</Filter>
    </ClInclude>
    <ClInclude Include="C:\KamataEngine\DirectXGame\3d\SpotLight.h">
      <Filter>KamataEngine\Include</Filter>
    </ClInclude>
    <ClInclude Include="C:\KamataEngine\DirectXGame\base\StringUtility.h">
      <Filter>KamataEngine\Include</Filter>
    </ClInclude>
    <ClInclude Include="C:\KamataEngine\DirectXGame\2d\ImGuiManager.h">
      <Filter>KamataEngine</Filter>
    </ClInclude>
    <ClInclude Include="C:\KamataEngine\DirectXGame\math\Vector2.h">
      <Filter>KamataEngine</Filter>
    </ClInclude>
    <ClInclude Include="C:\KamataEngine\DirectXGame\math\Vector3.h">
      <Filter>KamataEngine</Filter>
    </ClInclude>
    <ClInclude Include="C:\KamataEngine\DirectXGame\math\Vector4.h">
      <Filter>KamataEngine</Filter>
    </ClInclude>
    <ClInclude Include="C:\KamataEngine\DirectXGame\math\Matrix4x4.h">
      <Filter>KamataEngine</Filter>
    </ClInclude>
    <ClInclude Include="MySource\Scene\ClearScene.h">
      <Filter>MySource\Scene</Filter>
    </ClInclude>
    <ClInclude Include="MySource\Scene\GamePlayScene.h">
      <Filter>MySource\Scene</Filter>
    </ClInclude>
    <ClInclude Include="MySource\Scene\TitleScene.h">
      <Filter>MySource\Scene</Filter>
    </ClInclude>
    <ClInclude Include="MySource\Scene\IScene.h">
      <Filter>MySource\Scene</Filter>
    </ClInclude>
    <ClInclude Include="MySource\GameManager.h">
      <Filter>MySource\GameManager</Filter>
    </ClInclude>
    <ClInclude Include="MySource\Object\PlayObject.h">
      <Filter>MySource\Object</Filter>
    </ClInclude>
    <ClInclude Include="MySource\InputManager.h">
      <Filter>MySource\InputManager</Filter>
    </ClInclude>
    <ClInclude Include="MySource\Object\Bullet.h">
      <Filter>MySource\Object\Bullet</Filter>
    </ClInclude>
    <ClInclude Include="MySource\Object\BulletManager.h">
      <Filter>MySource\Object\Bullet</Filter>
    </ClInclude>
    <ClInclude Include="MySource\Object\EnemyManager.h">
      <Filter>MySource\Object\Enemy</Filter>
    </ClInclude>
    <ClInclude Include="MySource\Object\Enemy.h">
      <Filter>MySource\Object\Enemy</Filter>
    </ClInclude>
    <ClInclude Include="MySource\Object\Player.h">
      <Filter>MySource\Object\Player</Filter>
    </ClInclude>
  </ItemGroup>
</Project>